
Microsoft Visual Studio Solution File, Format Version 12.00
# Visual Studio 15
VisualStudioVersion = 15.0.27130.2027
MinimumVisualStudioVersion = 10.0.40219.1
Project("{9A19103F-16F7-4668-BE54-9A1E7A4F7556}") = "P01_BillsPaymentSystem", "P01_BillsPaymentSystem\P01_BillsPaymentSystem.csproj", "{989D8CCD-D929-4578-9FEF-AB602B2C660E}"
EndProject
Project("{9A19103F-16F7-4668-BE54-9A1E7A4F7556}") = "P01_BillsPaymentSystem.Data", "P01_BillsPaymentSystem.Data\P01_BillsPaymentSystem.Data.csproj", "{2F78ADDB-53C7-4279-9B3B-21CF59686B33}"
EndProject
Project("{9A19103F-16F7-4668-BE54-9A1E7A4F7556}") = "P01_BillsPaymentSystem.Data.Models", "P01_BillsPaymentSystem.Data.Models\P01_BillsPaymentSystem.Data.Models.csproj", "{8204325C-1F72-4D1D-BFFE-6D9F1E3CB256}"
EndProject
Project("{FAE04EC0-301F-11D3-BF4B-00C04F79EFBC}") = "P01_BillsPaymentSystem.Initializer", "P01_BillsPaymentSystem.Initializer\P01_BillsPaymentSystem.Initializer.csproj", "{B2C72257-2AC6-4B3E-93EC-B00E8C588C98}"
EndProject
Global
	GlobalSection(SolutionConfigurationPlatforms) = preSolution
		Debug|Any CPU = Debug|Any CPU
		Release|Any CPU = Release|Any CPU
	EndGlobalSection
	GlobalSection(ProjectConfigurationPlatforms) = postSolution
		{989D8CCD-D929-4578-9FEF-AB602B2C660E}.Debug|Any CPU.ActiveCfg = Debug|Any CPU
		{989D8CCD-D929-4578-9FEF-AB602B2C660E}.Debug|Any CPU.Build.0 = Debug|Any CPU
		{989D8CCD-D929-4578-9FEF-AB602B2C660E}.Release|Any CPU.ActiveCfg = Release|Any CPU
		{989D8CCD-D929-4578-9FEF-AB602B2C660E}.Release|Any CPU.Build.0 = Release|Any CPU
		{2F78ADDB-53C7-4279-9B3B-21CF59686B33}.Debug|Any CPU.ActiveCfg = Debug|Any CPU
		{2F78ADDB-53C7-4279-9B3B-21CF59686B33}.Debug|Any CPU.Build.0 = Debug|Any CPU
		{2F78ADDB-53C7-4279-9B3B-21CF59686B33}.Release|Any CPU.ActiveCfg = Release|Any CPU
		{2F78ADDB-53C7-4279-9B3B-21CF59686B33}.Release|Any CPU.Build.0 = Release|Any CPU
		{8204325C-1F72-4D1D-BFFE-6D9F1E3CB256}.Debug|Any CPU.ActiveCfg = Debug|Any CPU
		{8204325C-1F72-4D1D-BFFE-6D9F1E3CB256}.Debug|Any CPU.Build.0 = Debug|Any CPU
		{8204325C-1F72-4D1D-BFFE-6D9F1E3CB256}.Release|Any CPU.ActiveCfg = Release|Any CPU
		{8204325C-1F72-4D1D-BFFE-6D9F1E3CB256}.Release|Any CPU.Build.0 = Release|Any CPU
		{B2C72257-2AC6-4B3E-93EC-B00E8C588C98}.Debug|Any CPU.ActiveCfg = Debug|Any CPU
		{B2C72257-2AC6-4B3E-93EC-B00E8C588C98}.Debug|Any CPU.Build.0 = Debug|Any CPU
		{B2C72257-2AC6-4B3E-93EC-B00E8C588C98}.Release|Any CPU.ActiveCfg = Release|Any CPU
		{B2C72257-2AC6-4B3E-93EC-B00E8C588C98}.Release|Any CPU.Build.0 = Release|Any CPU
	EndGlobalSection
	GlobalSection(SolutionProperties) = preSolution
		HideSolutionNode = FALSE
	EndGlobalSection
	GlobalSection(ExtensibilityGlobals) = postSolution
		SolutionGuid = {17505CD1-4CC7-4C7A-A0D4-4E8A5AE89BA3}
	EndGlobalSection
EndGlobal
