
Microsoft Visual Studio Solution File, Format Version 12.00
# Visual Studio 15
VisualStudioVersion = 15.0.27130.2027
MinimumVisualStudioVersion = 10.0.40219.1
Project("{9A19103F-16F7-4668-BE54-9A1E7A4F7556}") = "P01_BillsPaymentSystem", "..\06DBAdvancedEFCoreAdvancedRelationsAndAggregation\P01_BillsPaymentSystem\P01_BillsPaymentSystem.csproj", "{8F0B6E6C-2A75-4AB7-A126-EF482FA6864D}"
EndProject
Project("{9A19103F-16F7-4668-BE54-9A1E7A4F7556}") = "P01_BillsPaymentSystem.Data", "..\06DBAdvancedEFCoreAdvancedRelationsAndAggregation\P01_BillsPaymentSystem.Data\P01_BillsPaymentSystem.Data.csproj", "{8DE0A330-E476-4466-8248-502DEA99CD8F}"
EndProject
Project("{9A19103F-16F7-4668-BE54-9A1E7A4F7556}") = "P01_BillsPaymentSystem.Data.Models", "..\06DBAdvancedEFCoreAdvancedRelationsAndAggregation\P01_BillsPaymentSystem.Data.Models\P01_BillsPaymentSystem.Data.Models.csproj", "{0D0496EA-A853-43D9-9CED-C808DC9E17C4}"
EndProject
Project("{9A19103F-16F7-4668-BE54-9A1E7A4F7556}") = "P01_BillsPaymentSystem.Initializer", "..\06DBAdvancedEFCoreAdvancedRelationsAndAggregation\P01_BillsPaymentSystem.Initializer\P01_BillsPaymentSystem.Initializer.csproj", "{BE090820-CB08-4ED8-AC7E-1E0FA5B14090}"
EndProject
Global
	GlobalSection(SolutionConfigurationPlatforms) = preSolution
		Debug|Any CPU = Debug|Any CPU
		Release|Any CPU = Release|Any CPU
	EndGlobalSection
	GlobalSection(ProjectConfigurationPlatforms) = postSolution
		{8F0B6E6C-2A75-4AB7-A126-EF482FA6864D}.Debug|Any CPU.ActiveCfg = Debug|Any CPU
		{8F0B6E6C-2A75-4AB7-A126-EF482FA6864D}.Debug|Any CPU.Build.0 = Debug|Any CPU
		{8F0B6E6C-2A75-4AB7-A126-EF482FA6864D}.Release|Any CPU.ActiveCfg = Release|Any CPU
		{8F0B6E6C-2A75-4AB7-A126-EF482FA6864D}.Release|Any CPU.Build.0 = Release|Any CPU
		{8DE0A330-E476-4466-8248-502DEA99CD8F}.Debug|Any CPU.ActiveCfg = Debug|Any CPU
		{8DE0A330-E476-4466-8248-502DEA99CD8F}.Debug|Any CPU.Build.0 = Debug|Any CPU
		{8DE0A330-E476-4466-8248-502DEA99CD8F}.Release|Any CPU.ActiveCfg = Release|Any CPU
		{8DE0A330-E476-4466-8248-502DEA99CD8F}.Release|Any CPU.Build.0 = Release|Any CPU
		{0D0496EA-A853-43D9-9CED-C808DC9E17C4}.Debug|Any CPU.ActiveCfg = Debug|Any CPU
		{0D0496EA-A853-43D9-9CED-C808DC9E17C4}.Debug|Any CPU.Build.0 = Debug|Any CPU
		{0D0496EA-A853-43D9-9CED-C808DC9E17C4}.Release|Any CPU.ActiveCfg = Release|Any CPU
		{0D0496EA-A853-43D9-9CED-C808DC9E17C4}.Release|Any CPU.Build.0 = Release|Any CPU
		{BE090820-CB08-4ED8-AC7E-1E0FA5B14090}.Debug|Any CPU.ActiveCfg = Debug|Any CPU
		{BE090820-CB08-4ED8-AC7E-1E0FA5B14090}.Debug|Any CPU.Build.0 = Debug|Any CPU
		{BE090820-CB08-4ED8-AC7E-1E0FA5B14090}.Release|Any CPU.ActiveCfg = Release|Any CPU
		{BE090820-CB08-4ED8-AC7E-1E0FA5B14090}.Release|Any CPU.Build.0 = Release|Any CPU
	EndGlobalSection
	GlobalSection(SolutionProperties) = preSolution
		HideSolutionNode = FALSE
	EndGlobalSection
	GlobalSection(ExtensibilityGlobals) = postSolution
		SolutionGuid = {EFD5CB54-0B50-4B35-B816-F4EBF756903E}
	EndGlobalSection
EndGlobal
