
Microsoft Visual Studio Solution File, Format Version 12.00
# Visual Studio 15
VisualStudioVersion = 15.0.27130.2027
MinimumVisualStudioVersion = 10.0.40219.1
Project("{9A19103F-16F7-4668-BE54-9A1E7A4F7556}") = "ProductShop.App", "ProductShop.App\ProductShop.App.csproj", "{1B405D75-032A-48A2-8878-4093472B768E}"
EndProject
Project("{9A19103F-16F7-4668-BE54-9A1E7A4F7556}") = "ProductShop.Data", "ProductShop.Data\ProductShop.Data.csproj", "{774AB285-931E-4F5B-8B7E-5BA035FFDE31}"
EndProject
Project("{9A19103F-16F7-4668-BE54-9A1E7A4F7556}") = "ProductShop.Models", "ProductShop.Models\ProductShop.Models.csproj", "{98414DA3-3337-4D3D-83D0-253366C8E95B}"
EndProject
Global
	GlobalSection(SolutionConfigurationPlatforms) = preSolution
		Debug|Any CPU = Debug|Any CPU
		Release|Any CPU = Release|Any CPU
	EndGlobalSection
	GlobalSection(ProjectConfigurationPlatforms) = postSolution
		{1B405D75-032A-48A2-8878-4093472B768E}.Debug|Any CPU.ActiveCfg = Debug|Any CPU
		{1B405D75-032A-48A2-8878-4093472B768E}.Debug|Any CPU.Build.0 = Debug|Any CPU
		{1B405D75-032A-48A2-8878-4093472B768E}.Release|Any CPU.ActiveCfg = Release|Any CPU
		{1B405D75-032A-48A2-8878-4093472B768E}.Release|Any CPU.Build.0 = Release|Any CPU
		{774AB285-931E-4F5B-8B7E-5BA035FFDE31}.Debug|Any CPU.ActiveCfg = Debug|Any CPU
		{774AB285-931E-4F5B-8B7E-5BA035FFDE31}.Debug|Any CPU.Build.0 = Debug|Any CPU
		{774AB285-931E-4F5B-8B7E-5BA035FFDE31}.Release|Any CPU.ActiveCfg = Release|Any CPU
		{774AB285-931E-4F5B-8B7E-5BA035FFDE31}.Release|Any CPU.Build.0 = Release|Any CPU
		{98414DA3-3337-4D3D-83D0-253366C8E95B}.Debug|Any CPU.ActiveCfg = Debug|Any CPU
		{98414DA3-3337-4D3D-83D0-253366C8E95B}.Debug|Any CPU.Build.0 = Debug|Any CPU
		{98414DA3-3337-4D3D-83D0-253366C8E95B}.Release|Any CPU.ActiveCfg = Release|Any CPU
		{98414DA3-3337-4D3D-83D0-253366C8E95B}.Release|Any CPU.Build.0 = Release|Any CPU
	EndGlobalSection
	GlobalSection(SolutionProperties) = preSolution
		HideSolutionNode = FALSE
	EndGlobalSection
	GlobalSection(ExtensibilityGlobals) = postSolution
		SolutionGuid = {9257D4C8-2F05-4A8E-ADAF-1B1F168EA291}
	EndGlobalSection
EndGlobal
