
Microsoft Visual Studio Solution File, Format Version 12.00
# Visual Studio 15
VisualStudioVersion = 15.0.27130.2027
MinimumVisualStudioVersion = 10.0.40219.1
Project("{9A19103F-16F7-4668-BE54-9A1E7A4F7556}") = "MiniORM.App", "MiniORM.App\MiniORM.App.csproj", "{852F9A08-0644-4B3D-B2C3-2144457DDB77}"
EndProject
Project("{9A19103F-16F7-4668-BE54-9A1E7A4F7556}") = "MiniORM", "MiniORM\MiniORM.csproj", "{B9FFA83E-3FE2-45B6-9509-8766EDA6102C}"
EndProject
Global
	GlobalSection(SolutionConfigurationPlatforms) = preSolution
		Debug|Any CPU = Debug|Any CPU
		Release|Any CPU = Release|Any CPU
	EndGlobalSection
	GlobalSection(ProjectConfigurationPlatforms) = postSolution
		{852F9A08-0644-4B3D-B2C3-2144457DDB77}.Debug|Any CPU.ActiveCfg = Debug|Any CPU
		{852F9A08-0644-4B3D-B2C3-2144457DDB77}.Debug|Any CPU.Build.0 = Debug|Any CPU
		{852F9A08-0644-4B3D-B2C3-2144457DDB77}.Release|Any CPU.ActiveCfg = Release|Any CPU
		{852F9A08-0644-4B3D-B2C3-2144457DDB77}.Release|Any CPU.Build.0 = Release|Any CPU
		{B9FFA83E-3FE2-45B6-9509-8766EDA6102C}.Debug|Any CPU.ActiveCfg = Debug|Any CPU
		{B9FFA83E-3FE2-45B6-9509-8766EDA6102C}.Debug|Any CPU.Build.0 = Debug|Any CPU
		{B9FFA83E-3FE2-45B6-9509-8766EDA6102C}.Release|Any CPU.ActiveCfg = Release|Any CPU
		{B9FFA83E-3FE2-45B6-9509-8766EDA6102C}.Release|Any CPU.Build.0 = Release|Any CPU
	EndGlobalSection
	GlobalSection(SolutionProperties) = preSolution
		HideSolutionNode = FALSE
	EndGlobalSection
	GlobalSection(ExtensibilityGlobals) = postSolution
		SolutionGuid = {4FB0F057-6834-48E3-97CB-31EDB2AD0145}
	EndGlobalSection
EndGlobal
