
Microsoft Visual Studio Solution File, Format Version 12.00
# Visual Studio 15
VisualStudioVersion = 15.0.27130.2027
MinimumVisualStudioVersion = 10.0.40219.1
Project("{FAE04EC0-301F-11D3-BF4B-00C04F79EFBC}") = "CarDealer.App", "CarDealer.App\CarDealer.App.csproj", "{223CDF0A-9AD8-4076-851F-382A11A0C2F2}"
EndProject
Project("{FAE04EC0-301F-11D3-BF4B-00C04F79EFBC}") = "CarDealer.Data", "CarDealer.Data\CarDealer.Data.csproj", "{E40DC5F3-E20C-4296-AD84-86A4132D39FC}"
EndProject
Project("{FAE04EC0-301F-11D3-BF4B-00C04F79EFBC}") = "CarDealer.Models", "CarDealer.Models\CarDealer.Models.csproj", "{3F2BF2AF-E7E7-4E6E-8BD9-8921D0C0B125}"
EndProject
Global
	GlobalSection(SolutionConfigurationPlatforms) = preSolution
		Debug|Any CPU = Debug|Any CPU
		Release|Any CPU = Release|Any CPU
	EndGlobalSection
	GlobalSection(ProjectConfigurationPlatforms) = postSolution
		{223CDF0A-9AD8-4076-851F-382A11A0C2F2}.Debug|Any CPU.ActiveCfg = Debug|Any CPU
		{223CDF0A-9AD8-4076-851F-382A11A0C2F2}.Debug|Any CPU.Build.0 = Debug|Any CPU
		{223CDF0A-9AD8-4076-851F-382A11A0C2F2}.Release|Any CPU.ActiveCfg = Release|Any CPU
		{223CDF0A-9AD8-4076-851F-382A11A0C2F2}.Release|Any CPU.Build.0 = Release|Any CPU
		{E40DC5F3-E20C-4296-AD84-86A4132D39FC}.Debug|Any CPU.ActiveCfg = Debug|Any CPU
		{E40DC5F3-E20C-4296-AD84-86A4132D39FC}.Debug|Any CPU.Build.0 = Debug|Any CPU
		{E40DC5F3-E20C-4296-AD84-86A4132D39FC}.Release|Any CPU.ActiveCfg = Release|Any CPU
		{E40DC5F3-E20C-4296-AD84-86A4132D39FC}.Release|Any CPU.Build.0 = Release|Any CPU
		{3F2BF2AF-E7E7-4E6E-8BD9-8921D0C0B125}.Debug|Any CPU.ActiveCfg = Debug|Any CPU
		{3F2BF2AF-E7E7-4E6E-8BD9-8921D0C0B125}.Debug|Any CPU.Build.0 = Debug|Any CPU
		{3F2BF2AF-E7E7-4E6E-8BD9-8921D0C0B125}.Release|Any CPU.ActiveCfg = Release|Any CPU
		{3F2BF2AF-E7E7-4E6E-8BD9-8921D0C0B125}.Release|Any CPU.Build.0 = Release|Any CPU
	EndGlobalSection
	GlobalSection(SolutionProperties) = preSolution
		HideSolutionNode = FALSE
	EndGlobalSection
	GlobalSection(ExtensibilityGlobals) = postSolution
		SolutionGuid = {D9636536-63A5-4E61-B525-DDF316B80ED1}
	EndGlobalSection
EndGlobal
